
Microsoft Visual Studio Solution File, Format Version 12.00
# Visual Studio Version 16
VisualStudioVersion = 16.0.32929.386
MinimumVisualStudioVersion = 10.0.40219.1
Project("{9A19103F-16F7-4668-BE54-9A1E7A4F7556}") = "PartDetailsDemo", "PartDetalsDemo\PartDetailsDemo.csproj", "{7BD717F5-2E6B-4E98-A0C6-FE2C0B085FC4}"
EndProject
Project("{9A19103F-16F7-4668-BE54-9A1E7A4F7556}") = "TestProjectPartDemo", "TestProjectPartDemo\TestProjectPartDemo.csproj", "{7DACDB01-4961-41B3-8792-2A199AB2080C}"
EndProject
Global
	GlobalSection(SolutionConfigurationPlatforms) = preSolution
		Debug|Any CPU = Debug|Any CPU
		Release|Any CPU = Release|Any CPU
	EndGlobalSection
	GlobalSection(ProjectConfigurationPlatforms) = postSolution
		{7BD717F5-2E6B-4E98-A0C6-FE2C0B085FC4}.Debug|Any CPU.ActiveCfg = Debug|Any CPU
		{7BD717F5-2E6B-4E98-A0C6-FE2C0B085FC4}.Debug|Any CPU.Build.0 = Debug|Any CPU
		{7BD717F5-2E6B-4E98-A0C6-FE2C0B085FC4}.Release|Any CPU.ActiveCfg = Release|Any CPU
		{7BD717F5-2E6B-4E98-A0C6-FE2C0B085FC4}.Release|Any CPU.Build.0 = Release|Any CPU
		{7DACDB01-4961-41B3-8792-2A199AB2080C}.Debug|Any CPU.ActiveCfg = Debug|Any CPU
		{7DACDB01-4961-41B3-8792-2A199AB2080C}.Debug|Any CPU.Build.0 = Debug|Any CPU
		{7DACDB01-4961-41B3-8792-2A199AB2080C}.Release|Any CPU.ActiveCfg = Release|Any CPU
		{7DACDB01-4961-41B3-8792-2A199AB2080C}.Release|Any CPU.Build.0 = Release|Any CPU
	EndGlobalSection
	GlobalSection(SolutionProperties) = preSolution
		HideSolutionNode = FALSE
	EndGlobalSection
	GlobalSection(ExtensibilityGlobals) = postSolution
		SolutionGuid = {A459DC54-B48A-44E9-8998-DBFCA4528333}
	EndGlobalSection
EndGlobal
